
Microsoft Visual Studio Solution File, Format Version 12.00
# Visual Studio 2015
Project("{FAE04EC0-301F-11D3-BF4B-00C04F79EFBC}") = "SocketChat", "SocketChat.csproj", "{2B81384B-1134-F20C-CB9D-39DCD2FB630C}"
EndProject
Project("{FAE04EC0-301F-11D3-BF4B-00C04F79EFBC}") = "SocketChat.Editor", "SocketChat.Editor.csproj", "{9C910860-AC6B-C13C-2117-4E8BF48CE88D}"
EndProject
Global
	GlobalSection(SolutionConfigurationPlatforms) = preSolution
		Debug|Any CPU = Debug|Any CPU
		Release|Any CPU = Release|Any CPU
	EndGlobalSection
	GlobalSection(ProjectConfigurationPlatforms) = postSolution
		{2B81384B-1134-F20C-CB9D-39DCD2FB630C}.Debug|Any CPU.ActiveCfg = Debug|Any CPU
		{2B81384B-1134-F20C-CB9D-39DCD2FB630C}.Debug|Any CPU.Build.0 = Debug|Any CPU
		{2B81384B-1134-F20C-CB9D-39DCD2FB630C}.Release|Any CPU.ActiveCfg = Release|Any CPU
		{2B81384B-1134-F20C-CB9D-39DCD2FB630C}.Release|Any CPU.Build.0 = Release|Any CPU
		{9C910860-AC6B-C13C-2117-4E8BF48CE88D}.Debug|Any CPU.ActiveCfg = Debug|Any CPU
		{9C910860-AC6B-C13C-2117-4E8BF48CE88D}.Debug|Any CPU.Build.0 = Debug|Any CPU
		{9C910860-AC6B-C13C-2117-4E8BF48CE88D}.Release|Any CPU.ActiveCfg = Release|Any CPU
		{9C910860-AC6B-C13C-2117-4E8BF48CE88D}.Release|Any CPU.Build.0 = Release|Any CPU
	EndGlobalSection
	GlobalSection(SolutionProperties) = preSolution
		HideSolutionNode = FALSE
	EndGlobalSection
EndGlobal
